# Generated by Dagger. Pins the images and git refs this workspace uses.
# Any Dagger command may update this file; always commit it with your changes.
# Run `dagger lock update` to refresh the pinned versions.
[["version","2"]]
["","git-latest",["github.com/dagger/sdk-helpers",["version","v1"]],"refs/tags/v1.0.6"]
["","git-sha",["github.com/dagger/sdk-helpers","refs/tags/v1.0.6"],"16e5bf2837eb1dc840a1c9ad7d6dba385f0038d3"]
["","oci-sha",["docker.io/library/golang:1.26.5-trixie"],"sha256:f1a132429b98724a904e9b3bdbaed399d8f923203c3e5170e6def66d0a7cc04c"]
["","oci-sha",["docker.io/library/node:24.19.0-trixie"],"sha256:e3883d5e4d0b1998cc27f355bd9202cbaf86edc14d07b54b715def0ed4c71093"]
["","vanity-url",["https://dagger.io/sdk/helpers"],"https://github.com/dagger/sdk-helpers"]